
Microsoft Visual Studio Solution File, Format Version 12.00
# Visual Studio Version 17
VisualStudioVersion = 17.4.33205.214
MinimumVisualStudioVersion = 10.0.40219.1
Project("{9A19103F-16F7-4668-BE54-9A1E7A4F7556}") = "meetMoltres", "meetMoltres\meetMoltres.csproj", "{5D97F300-6352-43A6-BF3E-7198792295EC}"
EndProject
Global
	GlobalSection(SolutionConfigurationPlatforms) = preSolution
		Debug|Any CPU = Debug|Any CPU
		Release|Any CPU = Release|Any CPU
	EndGlobalSection
	GlobalSection(ProjectConfigurationPlatforms) = postSolution
		{5D97F300-6352-43A6-BF3E-7198792295EC}.Debug|Any CPU.ActiveCfg = Debug|Any CPU
		{5D97F300-6352-43A6-BF3E-7198792295EC}.Debug|Any CPU.Build.0 = Debug|Any CPU
		{5D97F300-6352-43A6-BF3E-7198792295EC}.Release|Any CPU.ActiveCfg = Release|Any CPU
		{5D97F300-6352-43A6-BF3E-7198792295EC}.Release|Any CPU.Build.0 = Release|Any CPU
	EndGlobalSection
	GlobalSection(SolutionProperties) = preSolution
		HideSolutionNode = FALSE
	EndGlobalSection
	GlobalSection(ExtensibilityGlobals) = postSolution
		SolutionGuid = {FC94EA49-62E4-4B30-AA55-B2CF81772D4E}
	EndGlobalSection
EndGlobal
